{
  "originHash" : "400d291f970c05019d66f3b166cef35f9d9c043c7f325455db40f0228b86f33b",
  "pins" : [
    {
      "identity" : "tuskit",
      "kind" : "remoteSourceControl",
      "location" : "https://github.com/tus/TusKit.git",
      "state" : {
        "revision" : "55556412c89ab1dc35a84b8ccbc61e339c8b40fc",
        "version" : "3.5.0"
      }
    }
  ],
  "version" : 3
}
